// !$*UTF8*$!
{
	archiveVersion = 1;
	classes = {
	};
	objectVersion = 50;
	objects = {

/* Begin PBXBuildFile section */
		3D07D4A024667E6200521BB9 /* main.c in Sources */ = {isa = PBXBuildFile; fileRef = 3D07D49F24667E6200521BB9 /* main.c */; };
		3D7394D02468BD4400439DE3 /* SortedList.c in Sources */ = {isa = PBXBuildFile; fileRef = 3D7394CF2468BD4400439DE3 /* SortedList.c */; };
		3D7394D52469072E00439DE3 /* lab2_list.c in Sources */ = {isa = PBXBuildFile; fileRef = 3D7394D42469072E00439DE3 /* lab2_list.c */; };
		3D7394D7246A496900439DE3 /* lab2_list.2.c in Sources */ = {isa = PBXBuildFile; fileRef = 3D7394D6246A496900439DE3 /* lab2_list.2.c */; };
/* End PBXBuildFile section */

/* Begin PBXCopyFilesBuildPhase section */
		3D07D49A24667E6200521BB9 /* CopyFiles */ = {
			isa = PBXCopyFilesBuildPhase;
			buildActionMask = 2147483647;
			dstPath = /usr/share/man/man1/;
			dstSubfolderSpec = 0;
			files = (
			);
			runOnlyForDeploymentPostprocessing = 1;
		};
/* End PBXCopyFilesBuildPhase section */

/* Begin PBXFileReference section */
		3D07D49C24667E6200521BB9 /* lab2_add */ = {isa = PBXFileReference; explicitFileType = "compiled.mach-o.executable"; includeInIndex = 0; path = lab2_add; sourceTree = BUILT_PRODUCTS_DIR; };
		3D07D49F24667E6200521BB9 /* main.c */ = {isa = PBXFileReference; lastKnownFileType = sourcecode.c.c; path = main.c; sourceTree = "<group>"; };
		3D7394CE2468BD0B00439DE3 /* SortedList.h */ = {isa = PBXFileReference; lastKnownFileType = sourcecode.c.h; path = SortedList.h; sourceTree = "<group>"; };
		3D7394CF2468BD4400439DE3 /* SortedList.c */ = {isa = PBXFileReference; lastKnownFileType = sourcecode.c.c; path = SortedList.c; sourceTree = "<group>"; };
		3D7394D42469072E00439DE3 /* lab2_list.c */ = {isa = PBXFileReference; lastKnownFileType = sourcecode.c.c; path = lab2_list.c; sourceTree = "<group>"; };
		3D7394D6246A496900439DE3 /* lab2_list.2.c */ = {isa = PBXFileReference; fileEncoding = 4; lastKnownFileType = sourcecode.c.c; path = lab2_list.2.c; sourceTree = "<group>"; };
/* End PBXFileReference section */

/* Begin PBXFrameworksBuildPhase section */
		3D07D49924667E6200521BB9 /* Frameworks */ = {
			isa = PBXFrameworksBuildPhase;
			buildActionMask = 2147483647;
			files = (
			);
			runOnlyForDeploymentPostprocessing = 0;
		};
/* End PBXFrameworksBuildPhase section */

/* Begin PBXGroup section */
		3D07D49324667E6200521BB9 = {
			isa = PBXGroup;
			children = (
				3D07D49E24667E6200521BB9 /* lab2_add */,
				3D07D49D24667E6200521BB9 /* Products */,
			);
			sourceTree = "<group>";
		};
		3D07D49D24667E6200521BB9 /* Products */ = {
			isa = PBXGroup;
			children = (
				3D07D49C24667E6200521BB9 /* lab2_add */,
			);
			name = Products;
			sourceTree = "<group>";
		};
		3D07D49E24667E6200521BB9 /* lab2_add */ = {
			isa = PBXGroup;
			children = (
				3D07D49F24667E6200521BB9 /* main.c */,
				3D7394CE2468BD0B00439DE3 /* SortedList.h */,
				3D7394CF2468BD4400439DE3 /* SortedList.c */,
				3D7394D42469072E00439DE3 /* lab2_list.c */,
				3D7394D6246A496900439DE3 /* lab2_list.2.c */,
			);
			path = lab2_add;
			sourceTree = "<group>";
		};
/* End PBXGroup section */

/* Begin PBXNativeTarget section */
		3D07D49B24667E6200521BB9 /* lab2_add */ = {
			isa = PBXNativeTarget;
			buildConfigurationList = 3D07D4A324667E6200521BB9 /* Build configuration list for PBXNativeTarget "lab2_add" */;
			buildPhases = (
				3D07D49824667E6200521BB9 /* Sources */,
				3D07D49924667E6200521BB9 /* Frameworks */,
				3D07D49A24667E6200521BB9 /* CopyFiles */,
			);
			buildRules = (
			);
			dependencies = (
			);
			name = lab2_add;
			productName = lab2_add;
			productReference = 3D07D49C24667E6200521BB9 /* lab2_add */;
			productType = "com.apple.product-type.tool";
		};
/* End PBXNativeTarget section */

/* Begin PBXProject section */
		3D07D49424667E6200521BB9 /* Project object */ = {
			isa = PBXProject;
			attributes = {
				LastUpgradeCheck = 1130;
				ORGANIZATIONNAME = "William Chong";
				TargetAttributes = {
					3D07D49B24667E6200521BB9 = {
						CreatedOnToolsVersion = 11.3.1;
					};
				};
			};
			buildConfigurationList = 3D07D49724667E6200521BB9 /* Build configuration list for PBXProject "lab2_add" */;
			compatibilityVersion = "Xcode 9.3";
			developmentRegion = en;
			hasScannedForEncodings = 0;
			knownRegions = (
				en,
				Base,
			);
			mainGroup = 3D07D49324667E6200521BB9;
			productRefGroup = 3D07D49D24667E6200521BB9 /* Products */;
			projectDirPath = "";
			projectRoot = "";
			targets = (
				3D07D49B24667E6200521BB9 /* lab2_add */,
			);
		};
/* End PBXProject section */

/* Begin PBXSourcesBuildPhase section */
		3D07D49824667E6200521BB9 /* Sources */ = {
			isa = PBXSourcesBuildPhase;
			buildActionMask = 2147483647;
			files = (
				3D7394D02468BD4400439DE3 /* SortedList.c in Sources */,
				3D7394D52469072E00439DE3 /* lab2_list.c in Sources */,
				3D7394D7246A496900439DE3 /* lab2_list.2.c in Sources */,
				3D07D4A024667E6200521BB9 /* main.c in Sources */,
			);
			runOnlyForDeploymentPostprocessing = 0;
		};
/* End PBXSourcesBuildPhase section */

/* Begin XCBuildConfiguration section */
		3D07D4A124667E6200521BB9 /* Debug */ = {
			isa = XCBuildConfiguration;
			buildSettings = {
				ALWAYS_SEARCH_USER_PATHS = NO;
				CLANG_ANALYZER_NONNULL = YES;
				CLANG_ANALYZER_NUMBER_OBJECT_CONVERSION = YES_AGGRESSIVE;
				CLANG_CXX_LANGUAGE_STANDARD = "gnu++14";
				CLANG_CXX_LIBRARY = "libc++";
				CLANG_ENABLE_MODULES = YES;
				CLANG_ENABLE_OBJC_ARC = YES;
				CLANG_ENABLE_OBJC_WEAK = YES;
				CLANG_WARN_BLOCK_CAPTURE_AUTORELEASING = YES;
				CLANG_WARN_BOOL_CONVERSION = YES;
				CLANG_WARN_COMMA = YES;
				CLANG_WARN_CONSTANT_CONVERSION = YES;
				CLANG_WARN_DEPRECATED_OBJC_IMPLEMENTATIONS = YES;
				CLANG_WARN_DIRECT_OBJC_ISA_USAGE = YES_ERROR;
				CLANG_WARN_DOCUMENTATION_COMMENTS = YES;
				CLANG_WARN_EMPTY_BODY = YES;
				CLANG_WARN_ENUM_CONVERSION = YES;
				CLANG_WARN_INFINITE_RECURSION = YES;
				CLANG_WARN_INT_CONVERSION = YES;
				CLANG_WARN_NON_LITERAL_NULL_CONVERSION = YES;
				CLANG_WARN_OBJC_IMPLICIT_RETAIN_SELF = YES;
				CLANG_WARN_OBJC_LITERAL_CONVERSION = YES;
				CLANG_WARN_OBJC_ROOT_CLASS = YES_ERROR;
				CLANG_WARN_RANGE_LOOP_ANALYSIS = YES;
				CLANG_WARN_STRICT_PROTOTYPES = YES;
				CLANG_WARN_SUSPICIOUS_MOVE = YES;
				CLANG_WARN_UNGUARDED_AVAILABILITY = YES_AGGRESSIVE;
				CLANG_WARN_UNREACHABLE_CODE = YES;
				CLANG_WARN__DUPLICATE_METHOD_MATCH = YES;
				COPY_PHASE_STRIP = NO;
				DEBUG_INFORMATION_FORMAT = dwarf;
				ENABLE_STRICT_OBJC_MSGSEND = YES;
				ENABLE_TESTABILITY = YES;
				GCC_C_LANGUAGE_STANDARD = gnu11;
				GCC_DYNAMIC_NO_PIC = NO;
				GCC_NO_COMMON_BLOCKS = YES;
				GCC_OPTIMIZATION_LEVEL = 0;
				GCC_PREPROCESSOR_DEFINITIONS = (
					"DEBUG=1",
					"$(inherited)",
				);
				GCC_WARN_64_TO_32_BIT_CONVERSION = YES;
				GCC_WARN_ABOUT_RETURN_TYPE = YES_ERROR;
				GCC_WARN_UNDECLARED_SELECTOR = YES;
				GCC_WARN_UNINITIALIZED_AUTOS = YES_AGGRESSIVE;
				GCC_WARN_UNUSED_FUNCTION = YES;
				GCC_WARN_UNUSED_VARIABLE = YES;
				MACOSX_DEPLOYMENT_TARGET = 10.14;
				MTL_ENABLE_DEBUG_INFO = INCLUDE_SOURCE;
				MTL_FAST_MATH = YES;
				ONLY_ACTIVE_ARCH = YES;
				SDKROOT = macosx;
			};
			name = Debug;
		};
		3D07D4A224667E6200521BB9 /* Release */ = {
			isa = XCBuildConfiguration;
			buildSettings = {
				ALWAYS_SEARCH_USER_PATHS = NO;
				CLANG_ANALYZER_NONNULL = YES;
				CLANG_ANALYZER_NUMBER_OBJECT_CONVERSION = YES_AGGRESSIVE;
				CLANG_CXX_LANGUAGE_STANDARD = "gnu++14";
				CLANG_CXX_LIBRARY = "libc++";
				CLANG_ENABLE_MODULES = YES;
				CLANG_ENABLE_OBJC_ARC = YES;
				CLANG_ENABLE_OBJC_WEAK = YES;
				CLANG_WARN_BLOCK_CAPTURE_AUTORELEASING = YES;
				CLANG_WARN_BOOL_CONVERSION = YES;
				CLANG_WARN_COMMA = YES;
				CLANG_WARN_CONSTANT_CONVERSION = YES;
				CLANG_WARN_DEPRECATED_OBJC_IMPLEMENTATIONS = YES;
				CLANG_WARN_DIRECT_OBJC_ISA_USAGE = YES_ERROR;
				CLANG_WARN_DOCUMENTATION_COMMENTS = YES;
				CLANG_WARN_EMPTY_BODY = YES;
				CLANG_WARN_ENUM_CONVERSION = YES;
				CLANG_WARN_INFINITE_RECURSION = YES;
				CLANG_WARN_INT_CONVERSION = YES;
				CLANG_WARN_NON_LITERAL_NULL_CONVERSION = YES;
				CLANG_WARN_OBJC_IMPLICIT_RETAIN_SELF = YES;
				CLANG_WARN_OBJC_LITERAL_CONVERSION = YES;
				CLANG_WARN_OBJC_ROOT_CLASS = YES_ERROR;
				CLANG_WARN_RANGE_LOOP_ANALYSIS = YES;
				CLANG_WARN_STRICT_PROTOTYPES = YES;
				CLANG_WARN_SUSPICIOUS_MOVE = YES;
				CLANG_WARN_UNGUARDED_AVAILABILITY = YES_AGGRESSIVE;
				CLANG_WARN_UNREACHABLE_CODE = YES;
				CLANG_WARN__DUPLICATE_METHOD_MATCH = YES;
				COPY_PHASE_STRIP = NO;
				DEBUG_INFORMATION_FORMAT = "dwarf-with-dsym";
				ENABLE_NS_ASSERTIONS = NO;
				ENABLE_STRICT_OBJC_MSGSEND = YES;
				GCC_C_LANGUAGE_STANDARD = gnu11;
				GCC_NO_COMMON_BLOCKS = YES;
				GCC_WARN_64_TO_32_BIT_CONVERSION = YES;
				GCC_WARN_ABOUT_RETURN_TYPE = YES_ERROR;
				GCC_WARN_UNDECLARED_SELECTOR = YES;
				GCC_WARN_UNINITIALIZED_AUTOS = YES_AGGRESSIVE;
				GCC_WARN_UNUSED_FUNCTION = YES;
				GCC_WARN_UNUSED_VARIABLE = YES;
				MACOSX_DEPLOYMENT_TARGET = 10.14;
				MTL_ENABLE_DEBUG_INFO = NO;
				MTL_FAST_MATH = YES;
				SDKROOT = macosx;
			};
			name = Release;
		};
		3D07D4A424667E6200521BB9 /* Debug */ = {
			isa = XCBuildConfiguration;
			buildSettings = {
				CODE_SIGN_STYLE = Automatic;
				DEVELOPMENT_TEAM = 7N4VC5V7MP;
				ENABLE_HARDENED_RUNTIME = YES;
				PRODUCT_NAME = "$(TARGET_NAME)";
			};
			name = Debug;
		};
		3D07D4A524667E6200521BB9 /* Release */ = {
			isa = XCBuildConfiguration;
			buildSettings = {
				CODE_SIGN_STYLE = Automatic;
				DEVELOPMENT_TEAM = 7N4VC5V7MP;
				ENABLE_HARDENED_RUNTIME = YES;
				PRODUCT_NAME = "$(TARGET_NAME)";
			};
			name = Release;
		};
/* End XCBuildConfiguration section */

/* Begin XCConfigurationList section */
		3D07D49724667E6200521BB9 /* Build configuration list for PBXProject "lab2_add" */ = {
			isa = XCConfigurationList;
			buildConfigurations = (
				3D07D4A124667E6200521BB9 /* Debug */,
				3D07D4A224667E6200521BB9 /* Release */,
			);
			defaultConfigurationIsVisible = 0;
			defaultConfigurationName = Release;
		};
		3D07D4A324667E6200521BB9 /* Build configuration list for PBXNativeTarget "lab2_add" */ = {
			isa = XCConfigurationList;
			buildConfigurations = (
				3D07D4A424667E6200521BB9 /* Debug */,
				3D07D4A524667E6200521BB9 /* Release */,
			);
			defaultConfigurationIsVisible = 0;
			defaultConfigurationName = Release;
		};
/* End XCConfigurationList section */
	};
	rootObject = 3D07D49424667E6200521BB9 /* Project object */;
}
